
Microsoft Visual Studio Solution File, Format Version 12.00
# Visual Studio Version 17
VisualStudioVersion = 17.14.36121.58 d17.14
MinimumVisualStudioVersion = 10.0.40219.1
Project("{FAE04EC0-301F-11D3-BF4B-00C04F79EFBC}") = "LoginApp", "LoginApp\LoginApp.csproj", "{9B95AED5-FEE7-4DBA-90A9-7C3B167C3243}"
EndProject
Project("{FAE04EC0-301F-11D3-BF4B-00C04F79EFBC}") = "HomeForm.cs", "HomeForm.cs\HomeForm.cs.csproj", "{96ECBA2F-4097-4BA4-A398-33B8D684899C}"
EndProject
Global
	GlobalSection(SolutionConfigurationPlatforms) = preSolution
		Debug|Any CPU = Debug|Any CPU
		Release|Any CPU = Release|Any CPU
	EndGlobalSection
	GlobalSection(ProjectConfigurationPlatforms) = postSolution
		{9B95AED5-FEE7-4DBA-90A9-7C3B167C3243}.Debug|Any CPU.ActiveCfg = Debug|Any CPU
		{9B95AED5-FEE7-4DBA-90A9-7C3B167C3243}.Debug|Any CPU.Build.0 = Debug|Any CPU
		{9B95AED5-FEE7-4DBA-90A9-7C3B167C3243}.Release|Any CPU.ActiveCfg = Release|Any CPU
		{9B95AED5-FEE7-4DBA-90A9-7C3B167C3243}.Release|Any CPU.Build.0 = Release|Any CPU
		{96ECBA2F-4097-4BA4-A398-33B8D684899C}.Debug|Any CPU.ActiveCfg = Debug|Any CPU
		{96ECBA2F-4097-4BA4-A398-33B8D684899C}.Debug|Any CPU.Build.0 = Debug|Any CPU
		{96ECBA2F-4097-4BA4-A398-33B8D684899C}.Release|Any CPU.ActiveCfg = Release|Any CPU
		{96ECBA2F-4097-4BA4-A398-33B8D684899C}.Release|Any CPU.Build.0 = Release|Any CPU
	EndGlobalSection
	GlobalSection(SolutionProperties) = preSolution
		HideSolutionNode = FALSE
	EndGlobalSection
	GlobalSection(ExtensibilityGlobals) = postSolution
		SolutionGuid = {60413C3F-D4FB-417D-B0E2-D6F5DDCBAD52}
	EndGlobalSection
EndGlobal
